
Microsoft Visual Studio Solution File, Format Version 12.00
# Visual Studio 14
VisualStudioVersion = 14.0.25420.1
MinimumVisualStudioVersion = 10.0.40219.1
Project("{FAE04EC0-301F-11D3-BF4B-00C04F79EFBC}") = "UmbracoProjectTemplate.Web", "UmbracoProjectTemplate.Web\UmbracoProjectTemplate.Web.csproj", "{2237B4C1-CFBB-46A5-AC23-AB945883A85B}"
EndProject
Project("{FAE04EC0-301F-11D3-BF4B-00C04F79EFBC}") = "UmbracoProject.Configure", "UmbracoProject.Configure\UmbracoProject.Configure.csproj", "{B166EBBD-18A3-4DC3-A150-1D992166939C}"
EndProject
Global
	GlobalSection(SolutionConfigurationPlatforms) = preSolution
		Debug|Any CPU = Debug|Any CPU
		Release|Any CPU = Release|Any CPU
	EndGlobalSection
	GlobalSection(ProjectConfigurationPlatforms) = postSolution
		{2237B4C1-CFBB-46A5-AC23-AB945883A85B}.Debug|Any CPU.ActiveCfg = Debug|Any CPU
		{2237B4C1-CFBB-46A5-AC23-AB945883A85B}.Debug|Any CPU.Build.0 = Debug|Any CPU
		{2237B4C1-CFBB-46A5-AC23-AB945883A85B}.Release|Any CPU.ActiveCfg = Release|Any CPU
		{2237B4C1-CFBB-46A5-AC23-AB945883A85B}.Release|Any CPU.Build.0 = Release|Any CPU
		{B166EBBD-18A3-4DC3-A150-1D992166939C}.Debug|Any CPU.ActiveCfg = Debug|Any CPU
		{B166EBBD-18A3-4DC3-A150-1D992166939C}.Debug|Any CPU.Build.0 = Debug|Any CPU
		{B166EBBD-18A3-4DC3-A150-1D992166939C}.Release|Any CPU.ActiveCfg = Release|Any CPU
		{B166EBBD-18A3-4DC3-A150-1D992166939C}.Release|Any CPU.Build.0 = Release|Any CPU
	EndGlobalSection
	GlobalSection(SolutionProperties) = preSolution
		HideSolutionNode = FALSE
	EndGlobalSection
EndGlobal
