
Microsoft Visual Studio Solution File, Format Version 12.00
# Visual Studio 14
VisualStudioVersion = 14.0.25420.1
MinimumVisualStudioVersion = 10.0.40219.1
Project("{FAE04EC0-301F-11D3-BF4B-00C04F79EFBC}") = "UmbracoProjectTemplate.Web", "UmbracoProjectTemplate.Web\UmbracoProjectTemplate.Web.csproj", "{2237B4C1-CFBB-46A5-AC23-AB945883A85B}"
EndProject
Project("{2150E333-8FDC-42A3-9474-1A3956D46DE8}") = "Solution Items", "Solution Items", "{8A70272B-7EFD-405A-8D89-6A1947931B2F}"
	ProjectSection(SolutionItems) = preProject
		.gitignore = .gitignore
		createPackage.ps1 = createPackage.ps1
		Addition.UmbracoBasePackage.nuspec = Addition.UmbracoBasePackage.nuspec
		readme.md = readme.md
	EndProjectSection
EndProject
Project("{2150E333-8FDC-42A3-9474-1A3956D46DE8}") = "DB", "DB", "{8D99A316-485F-4641-8D62-13C4CA9ED5F0}"
EndProject
Project("{FAE04EC0-301F-11D3-BF4B-00C04F79EFBC}") = "UmbracoProjectTemplate.Library", "UmbracoProjectTemplate.Library\UmbracoProjectTemplate.Library.csproj", "{3765C60D-279A-4C8C-B2EC-DB1CC0308877}"
EndProject
Global
	GlobalSection(SolutionConfigurationPlatforms) = preSolution
		Debug|Any CPU = Debug|Any CPU
		Release|Any CPU = Release|Any CPU
	EndGlobalSection
	GlobalSection(ProjectConfigurationPlatforms) = postSolution
		{2237B4C1-CFBB-46A5-AC23-AB945883A85B}.Debug|Any CPU.ActiveCfg = Debug|Any CPU
		{2237B4C1-CFBB-46A5-AC23-AB945883A85B}.Debug|Any CPU.Build.0 = Debug|Any CPU
		{2237B4C1-CFBB-46A5-AC23-AB945883A85B}.Release|Any CPU.ActiveCfg = Release|Any CPU
		{2237B4C1-CFBB-46A5-AC23-AB945883A85B}.Release|Any CPU.Build.0 = Release|Any CPU
		{3765C60D-279A-4C8C-B2EC-DB1CC0308877}.Debug|Any CPU.ActiveCfg = Debug|Any CPU
		{3765C60D-279A-4C8C-B2EC-DB1CC0308877}.Debug|Any CPU.Build.0 = Debug|Any CPU
		{3765C60D-279A-4C8C-B2EC-DB1CC0308877}.Release|Any CPU.ActiveCfg = Release|Any CPU
		{3765C60D-279A-4C8C-B2EC-DB1CC0308877}.Release|Any CPU.Build.0 = Release|Any CPU
	EndGlobalSection
	GlobalSection(SolutionProperties) = preSolution
		HideSolutionNode = FALSE
	EndGlobalSection
EndGlobal
